
Microsoft Visual Studio Solution File, Format Version 12.00
# Visual Studio Version 16
VisualStudioVersion = 16.0.29424.173
MinimumVisualStudioVersion = 10.0.40219.1
Project("{FAE04EC0-301F-11D3-BF4B-00C04F79EFBC}") = "WebAPI", "WebAPI\WebAPI.csproj", "{A80277DE-F405-4A8D-A162-2969329154D1}"
EndProject
Global
	GlobalSection(SolutionConfigurationPlatforms) = preSolution
		Debug|Any CPU = Debug|Any CPU
		Release|Any CPU = Release|Any CPU
	EndGlobalSection
	GlobalSection(ProjectConfigurationPlatforms) = postSolution
		{A80277DE-F405-4A8D-A162-2969329154D1}.Debug|Any CPU.ActiveCfg = Debug|Any CPU
		{A80277DE-F405-4A8D-A162-2969329154D1}.Debug|Any CPU.Build.0 = Debug|Any CPU
		{A80277DE-F405-4A8D-A162-2969329154D1}.Release|Any CPU.ActiveCfg = Release|Any CPU
		{A80277DE-F405-4A8D-A162-2969329154D1}.Release|Any CPU.Build.0 = Release|Any CPU
	EndGlobalSection
	GlobalSection(SolutionProperties) = preSolution
		HideSolutionNode = FALSE
	EndGlobalSection
	GlobalSection(ExtensibilityGlobals) = postSolution
		SolutionGuid = {22AB0CF2-FA93-47B4-90D4-9C1AEC0295A2}
	EndGlobalSection
EndGlobal
